
Microsoft Visual Studio Solution File, Format Version 12.00
# Visual Studio Version 17
VisualStudioVersion = 17.3.32825.248
MinimumVisualStudioVersion = 10.0.40219.1
Project("{FAE04EC0-301F-11D3-BF4B-00C04F79EFBC}") = "WF-Projeto01-Katia-RA1121036", "WF-Projeto01-Katia-RA1121036.csproj", "{4D7FD916-023A-409F-B955-40888F43A32B}"
EndProject
Global
	GlobalSection(SolutionConfigurationPlatforms) = preSolution
		Debug|Any CPU = Debug|Any CPU
		Release|Any CPU = Release|Any CPU
	EndGlobalSection
	GlobalSection(ProjectConfigurationPlatforms) = postSolution
		{4D7FD916-023A-409F-B955-40888F43A32B}.Debug|Any CPU.ActiveCfg = Debug|Any CPU
		{4D7FD916-023A-409F-B955-40888F43A32B}.Debug|Any CPU.Build.0 = Debug|Any CPU
		{4D7FD916-023A-409F-B955-40888F43A32B}.Release|Any CPU.ActiveCfg = Release|Any CPU
		{4D7FD916-023A-409F-B955-40888F43A32B}.Release|Any CPU.Build.0 = Release|Any CPU
	EndGlobalSection
	GlobalSection(SolutionProperties) = preSolution
		HideSolutionNode = FALSE
	EndGlobalSection
	GlobalSection(ExtensibilityGlobals) = postSolution
		SolutionGuid = {9A1DA430-EF9A-40E6-BA44-5103B756B346}
	EndGlobalSection
EndGlobal
