
Microsoft Visual Studio Solution File, Format Version 12.00
# Visual Studio Version 17
VisualStudioVersion = 17.3.32825.248
MinimumVisualStudioVersion = 10.0.40219.1
Project("{FAE04EC0-301F-11D3-BF4B-00C04F79EFBC}") = "AulaKatia_23-10-2023", "AulaKatia_23-10-2023.csproj", "{B62C96C8-F83C-47C9-B3DC-E29E39EE99A7}"
EndProject
Global
	GlobalSection(SolutionConfigurationPlatforms) = preSolution
		Debug|Any CPU = Debug|Any CPU
		Release|Any CPU = Release|Any CPU
	EndGlobalSection
	GlobalSection(ProjectConfigurationPlatforms) = postSolution
		{B62C96C8-F83C-47C9-B3DC-E29E39EE99A7}.Debug|Any CPU.ActiveCfg = Debug|Any CPU
		{B62C96C8-F83C-47C9-B3DC-E29E39EE99A7}.Debug|Any CPU.Build.0 = Debug|Any CPU
		{B62C96C8-F83C-47C9-B3DC-E29E39EE99A7}.Release|Any CPU.ActiveCfg = Release|Any CPU
		{B62C96C8-F83C-47C9-B3DC-E29E39EE99A7}.Release|Any CPU.Build.0 = Release|Any CPU
	EndGlobalSection
	GlobalSection(SolutionProperties) = preSolution
		HideSolutionNode = FALSE
	EndGlobalSection
	GlobalSection(ExtensibilityGlobals) = postSolution
		SolutionGuid = {A8536901-7D1F-47C3-963B-61853BB903F4}
	EndGlobalSection
EndGlobal
