
Microsoft Visual Studio Solution File, Format Version 12.00
# Visual Studio Version 17
VisualStudioVersion = 17.3.32825.248
MinimumVisualStudioVersion = 10.0.40219.1
Project("{FAE04EC0-301F-11D3-BF4B-00C04F79EFBC}") = "Exercício_Aula4_POO", "Exercício_Aula4_POO.csproj", "{4D9918F9-1A30-4286-B476-C20EE88AB0D3}"
EndProject
Global
	GlobalSection(SolutionConfigurationPlatforms) = preSolution
		Debug|Any CPU = Debug|Any CPU
		Release|Any CPU = Release|Any CPU
	EndGlobalSection
	GlobalSection(ProjectConfigurationPlatforms) = postSolution
		{4D9918F9-1A30-4286-B476-C20EE88AB0D3}.Debug|Any CPU.ActiveCfg = Debug|Any CPU
		{4D9918F9-1A30-4286-B476-C20EE88AB0D3}.Debug|Any CPU.Build.0 = Debug|Any CPU
		{4D9918F9-1A30-4286-B476-C20EE88AB0D3}.Release|Any CPU.ActiveCfg = Release|Any CPU
		{4D9918F9-1A30-4286-B476-C20EE88AB0D3}.Release|Any CPU.Build.0 = Release|Any CPU
	EndGlobalSection
	GlobalSection(SolutionProperties) = preSolution
		HideSolutionNode = FALSE
	EndGlobalSection
	GlobalSection(ExtensibilityGlobals) = postSolution
		SolutionGuid = {1406FE71-A3A0-4B19-A172-7C66A5704641}
	EndGlobalSection
EndGlobal
